
Microsoft Visual Studio Solution File, Format Version 12.00
# Visual Studio Version 17
VisualStudioVersion = 17.4.33213.308
MinimumVisualStudioVersion = 10.0.40219.1
Project("{FAE04EC0-301F-11D3-BF4B-00C04F79EFBC}") = "AdsMicroService", "AdsMicroService\AdsMicroService.csproj", "{266FF377-0E5E-4960-BF42-EEBD7CCE03CB}"
EndProject
Global
	GlobalSection(SolutionConfigurationPlatforms) = preSolution
		Debug|Any CPU = Debug|Any CPU
		Release|Any CPU = Release|Any CPU
	EndGlobalSection
	GlobalSection(ProjectConfigurationPlatforms) = postSolution
		{266FF377-0E5E-4960-BF42-EEBD7CCE03CB}.Debug|Any CPU.ActiveCfg = Debug|Any CPU
		{266FF377-0E5E-4960-BF42-EEBD7CCE03CB}.Debug|Any CPU.Build.0 = Debug|Any CPU
		{266FF377-0E5E-4960-BF42-EEBD7CCE03CB}.Release|Any CPU.ActiveCfg = Release|Any CPU
		{266FF377-0E5E-4960-BF42-EEBD7CCE03CB}.Release|Any CPU.Build.0 = Release|Any CPU
	EndGlobalSection
	GlobalSection(SolutionProperties) = preSolution
		HideSolutionNode = FALSE
	EndGlobalSection
	GlobalSection(ExtensibilityGlobals) = postSolution
		SolutionGuid = {064317C4-90B8-45A1-ADC4-0D70C306FA42}
	EndGlobalSection
EndGlobal
